Microsoft Visual Studio Solution File, Format Version 12.00
# Visual Studio Version 17
VisualStudioVersion = 17.5.2.0
MinimumVisualStudioVersion = 10.0.40219.1
Project("{FAE04EC0-301F-11D3-BF4B-00C04F79EFBC}") = "oonv_project", "oonv_project\oonv_project.csproj", "{C375BF8F-AD90-71F9-849E-D835549A6198}"
EndProject
Global
	GlobalSection(SolutionConfigurationPlatforms) = preSolution
		Debug|Any CPU = Debug|Any CPU
		Release|Any CPU = Release|Any CPU
	EndGlobalSection
	GlobalSection(ProjectConfigurationPlatforms) = postSolution
		{C375BF8F-AD90-71F9-849E-D835549A6198}.Debug|Any CPU.ActiveCfg = Debug|Any CPU
		{C375BF8F-AD90-71F9-849E-D835549A6198}.Debug|Any CPU.Build.0 = Debug|Any CPU
		{C375BF8F-AD90-71F9-849E-D835549A6198}.Release|Any CPU.ActiveCfg = Release|Any CPU
		{C375BF8F-AD90-71F9-849E-D835549A6198}.Release|Any CPU.Build.0 = Release|Any CPU
	EndGlobalSection
	GlobalSection(SolutionProperties) = preSolution
		HideSolutionNode = FALSE
	EndGlobalSection
	GlobalSection(ExtensibilityGlobals) = postSolution
		SolutionGuid = {8134C5AF-E3D3-4836-A79E-0EA0AA4821D4}
	EndGlobalSection
EndGlobal
